
Microsoft Visual Studio Solution File, Format Version 12.00
# Visual Studio Version 16
VisualStudioVersion = 16.0.30804.86
MinimumVisualStudioVersion = 10.0.40219.1
Project("{FAE04EC0-301F-11D3-BF4B-00C04F79EFBC}") = "Deflexion_Redux", "Deflexion_Redux\Deflexion_Redux.csproj", "{F13E314E-422B-4659-8404-216D3F322A32}"
EndProject
Global
	GlobalSection(SolutionConfigurationPlatforms) = preSolution
		Debug|Any CPU = Debug|Any CPU
		Release|Any CPU = Release|Any CPU
	EndGlobalSection
	GlobalSection(ProjectConfigurationPlatforms) = postSolution
		{F13E314E-422B-4659-8404-216D3F322A32}.Debug|Any CPU.ActiveCfg = Debug|Any CPU
		{F13E314E-422B-4659-8404-216D3F322A32}.Debug|Any CPU.Build.0 = Debug|Any CPU
		{F13E314E-422B-4659-8404-216D3F322A32}.Release|Any CPU.ActiveCfg = Release|Any CPU
		{F13E314E-422B-4659-8404-216D3F322A32}.Release|Any CPU.Build.0 = Release|Any CPU
	EndGlobalSection
	GlobalSection(SolutionProperties) = preSolution
		HideSolutionNode = FALSE
	EndGlobalSection
	GlobalSection(ExtensibilityGlobals) = postSolution
		SolutionGuid = {6CD90EF3-C4CE-4F46-A2D1-E2563EB1162A}
	EndGlobalSection
EndGlobal
